
Microsoft Visual Studio Solution File, Format Version 12.00
# Visual Studio 15
VisualStudioVersion = 15.0.28010.2019
MinimumVisualStudioVersion = 10.0.40219.1
Project("{8BC9CEB8-8B4A-11D0-8D11-00A0C91BC942}") = "Lab4_TMemory", "Lab4_TMemory\Lab4_TMemory.vcxproj", "{16F26FE3-655D-4ECC-8248-3C0E0C3454F4}"
EndProject
Project("{8BC9CEB8-8B4A-11D0-8D11-00A0C91BC942}") = "Lab1_Fraction", "..\Lab1_FracClass\Lab1_Fraction\Lab1_Fraction.vcxproj", "{389F434D-5B80-4D72-A145-3A0965DC0DBF}"
EndProject
Project("{8BC9CEB8-8B4A-11D0-8D11-00A0C91BC942}") = "TMemoryTest", "TMemoryTest\TMemoryTest.vcxproj", "{C7B9B92A-7C23-48C2-AD20-932AF2670754}"
EndProject
Global
	GlobalSection(SolutionConfigurationPlatforms) = preSolution
		Debug|x64 = Debug|x64
		Debug|x86 = Debug|x86
		Release|x64 = Release|x64
		Release|x86 = Release|x86
	EndGlobalSection
	GlobalSection(ProjectConfigurationPlatforms) = postSolution
		{16F26FE3-655D-4ECC-8248-3C0E0C3454F4}.Debug|x64.ActiveCfg = Debug|x64
		{16F26FE3-655D-4ECC-8248-3C0E0C3454F4}.Debug|x64.Build.0 = Debug|x64
		{16F26FE3-655D-4ECC-8248-3C0E0C3454F4}.Debug|x86.ActiveCfg = Debug|Win32
		{16F26FE3-655D-4ECC-8248-3C0E0C3454F4}.Debug|x86.Build.0 = Debug|Win32
		{16F26FE3-655D-4ECC-8248-3C0E0C3454F4}.Release|x64.ActiveCfg = Release|x64
		{16F26FE3-655D-4ECC-8248-3C0E0C3454F4}.Release|x64.Build.0 = Release|x64
		{16F26FE3-655D-4ECC-8248-3C0E0C3454F4}.Release|x86.ActiveCfg = Release|Win32
		{16F26FE3-655D-4ECC-8248-3C0E0C3454F4}.Release|x86.Build.0 = Release|Win32
		{389F434D-5B80-4D72-A145-3A0965DC0DBF}.Debug|x64.ActiveCfg = Debug|x64
		{389F434D-5B80-4D72-A145-3A0965DC0DBF}.Debug|x64.Build.0 = Debug|x64
		{389F434D-5B80-4D72-A145-3A0965DC0DBF}.Debug|x86.ActiveCfg = Debug|Win32
		{389F434D-5B80-4D72-A145-3A0965DC0DBF}.Debug|x86.Build.0 = Debug|Win32
		{389F434D-5B80-4D72-A145-3A0965DC0DBF}.Release|x64.ActiveCfg = Release|x64
		{389F434D-5B80-4D72-A145-3A0965DC0DBF}.Release|x64.Build.0 = Release|x64
		{389F434D-5B80-4D72-A145-3A0965DC0DBF}.Release|x86.ActiveCfg = Release|Win32
		{389F434D-5B80-4D72-A145-3A0965DC0DBF}.Release|x86.Build.0 = Release|Win32
		{C7B9B92A-7C23-48C2-AD20-932AF2670754}.Debug|x64.ActiveCfg = Debug|x64
		{C7B9B92A-7C23-48C2-AD20-932AF2670754}.Debug|x64.Build.0 = Debug|x64
		{C7B9B92A-7C23-48C2-AD20-932AF2670754}.Debug|x86.ActiveCfg = Debug|Win32
		{C7B9B92A-7C23-48C2-AD20-932AF2670754}.Debug|x86.Build.0 = Debug|Win32
		{C7B9B92A-7C23-48C2-AD20-932AF2670754}.Release|x64.ActiveCfg = Release|x64
		{C7B9B92A-7C23-48C2-AD20-932AF2670754}.Release|x64.Build.0 = Release|x64
		{C7B9B92A-7C23-48C2-AD20-932AF2670754}.Release|x86.ActiveCfg = Release|Win32
		{C7B9B92A-7C23-48C2-AD20-932AF2670754}.Release|x86.Build.0 = Release|Win32
	EndGlobalSection
	GlobalSection(SolutionProperties) = preSolution
		HideSolutionNode = FALSE
	EndGlobalSection
	GlobalSection(ExtensibilityGlobals) = postSolution
		SolutionGuid = {8831C925-C38D-4F57-B89E-516EE62B7D58}
	EndGlobalSection
EndGlobal
